
Microsoft Visual Studio Solution File, Format Version 12.00
# Visual Studio 15
VisualStudioVersion = 15.0.26124.0
MinimumVisualStudioVersion = 15.0.26124.0
Project("{FAE04EC0-301F-11D3-BF4B-00C04F79EFBC}") = "MySyncroAPI", "MySyncroAPI\MySyncroAPI.csproj", "{BA639B4A-91C3-4F9C-8ABE-4324817FD823}"
EndProject
Project("{FAE04EC0-301F-11D3-BF4B-00C04F79EFBC}") = "MySyncroAPI.Business", "MySyncroAPI.Business\MySyncroAPI.Business.csproj", "{00BF7EDA-391F-4DE3-9ED8-81F776E3C824}"
EndProject
Project("{FAE04EC0-301F-11D3-BF4B-00C04F79EFBC}") = "MySyncroAPI.Domain", "MySyncroAPI.Domain\MySyncroAPI.Domain.csproj", "{5C6AC812-B4C4-4728-91CC-A9EF3669F02E}"
EndProject
Project("{FAE04EC0-301F-11D3-BF4B-00C04F79EFBC}") = "MySyncroAPI.Persistence", "MySyncroAPI.Persistence\MySyncroAPI.Persistence.csproj", "{2AE9F634-7471-40F8-8454-07AD270789BB}"
EndProject
Global
	GlobalSection(SolutionConfigurationPlatforms) = preSolution
		Debug|Any CPU = Debug|Any CPU
		Debug|x64 = Debug|x64
		Debug|x86 = Debug|x86
		Release|Any CPU = Release|Any CPU
		Release|x64 = Release|x64
		Release|x86 = Release|x86
	EndGlobalSection
	GlobalSection(SolutionProperties) = preSolution
		HideSolutionNode = FALSE
	EndGlobalSection
	GlobalSection(ProjectConfigurationPlatforms) = postSolution
		{BA639B4A-91C3-4F9C-8ABE-4324817FD823}.Debug|Any CPU.ActiveCfg = Debug|Any CPU
		{BA639B4A-91C3-4F9C-8ABE-4324817FD823}.Debug|Any CPU.Build.0 = Debug|Any CPU
		{BA639B4A-91C3-4F9C-8ABE-4324817FD823}.Debug|x64.ActiveCfg = Debug|Any CPU
		{BA639B4A-91C3-4F9C-8ABE-4324817FD823}.Debug|x64.Build.0 = Debug|Any CPU
		{BA639B4A-91C3-4F9C-8ABE-4324817FD823}.Debug|x86.ActiveCfg = Debug|Any CPU
		{BA639B4A-91C3-4F9C-8ABE-4324817FD823}.Debug|x86.Build.0 = Debug|Any CPU
		{BA639B4A-91C3-4F9C-8ABE-4324817FD823}.Release|Any CPU.ActiveCfg = Release|Any CPU
		{BA639B4A-91C3-4F9C-8ABE-4324817FD823}.Release|Any CPU.Build.0 = Release|Any CPU
		{BA639B4A-91C3-4F9C-8ABE-4324817FD823}.Release|x64.ActiveCfg = Release|Any CPU
		{BA639B4A-91C3-4F9C-8ABE-4324817FD823}.Release|x64.Build.0 = Release|Any CPU
		{BA639B4A-91C3-4F9C-8ABE-4324817FD823}.Release|x86.ActiveCfg = Release|Any CPU
		{BA639B4A-91C3-4F9C-8ABE-4324817FD823}.Release|x86.Build.0 = Release|Any CPU
		{00BF7EDA-391F-4DE3-9ED8-81F776E3C824}.Debug|Any CPU.ActiveCfg = Debug|Any CPU
		{00BF7EDA-391F-4DE3-9ED8-81F776E3C824}.Debug|Any CPU.Build.0 = Debug|Any CPU
		{00BF7EDA-391F-4DE3-9ED8-81F776E3C824}.Debug|x64.ActiveCfg = Debug|Any CPU
		{00BF7EDA-391F-4DE3-9ED8-81F776E3C824}.Debug|x64.Build.0 = Debug|Any CPU
		{00BF7EDA-391F-4DE3-9ED8-81F776E3C824}.Debug|x86.ActiveCfg = Debug|Any CPU
		{00BF7EDA-391F-4DE3-9ED8-81F776E3C824}.Debug|x86.Build.0 = Debug|Any CPU
		{00BF7EDA-391F-4DE3-9ED8-81F776E3C824}.Release|Any CPU.ActiveCfg = Release|Any CPU
		{00BF7EDA-391F-4DE3-9ED8-81F776E3C824}.Release|Any CPU.Build.0 = Release|Any CPU
		{00BF7EDA-391F-4DE3-9ED8-81F776E3C824}.Release|x64.ActiveCfg = Release|Any CPU
		{00BF7EDA-391F-4DE3-9ED8-81F776E3C824}.Release|x64.Build.0 = Release|Any CPU
		{00BF7EDA-391F-4DE3-9ED8-81F776E3C824}.Release|x86.ActiveCfg = Release|Any CPU
		{00BF7EDA-391F-4DE3-9ED8-81F776E3C824}.Release|x86.Build.0 = Release|Any CPU
		{5C6AC812-B4C4-4728-91CC-A9EF3669F02E}.Debug|Any CPU.ActiveCfg = Debug|Any CPU
		{5C6AC812-B4C4-4728-91CC-A9EF3669F02E}.Debug|Any CPU.Build.0 = Debug|Any CPU
		{5C6AC812-B4C4-4728-91CC-A9EF3669F02E}.Debug|x64.ActiveCfg = Debug|Any CPU
		{5C6AC812-B4C4-4728-91CC-A9EF3669F02E}.Debug|x64.Build.0 = Debug|Any CPU
		{5C6AC812-B4C4-4728-91CC-A9EF3669F02E}.Debug|x86.ActiveCfg = Debug|Any CPU
		{5C6AC812-B4C4-4728-91CC-A9EF3669F02E}.Debug|x86.Build.0 = Debug|Any CPU
		{5C6AC812-B4C4-4728-91CC-A9EF3669F02E}.Release|Any CPU.ActiveCfg = Release|Any CPU
		{5C6AC812-B4C4-4728-91CC-A9EF3669F02E}.Release|Any CPU.Build.0 = Release|Any CPU
		{5C6AC812-B4C4-4728-91CC-A9EF3669F02E}.Release|x64.ActiveCfg = Release|Any CPU
		{5C6AC812-B4C4-4728-91CC-A9EF3669F02E}.Release|x64.Build.0 = Release|Any CPU
		{5C6AC812-B4C4-4728-91CC-A9EF3669F02E}.Release|x86.ActiveCfg = Release|Any CPU
		{5C6AC812-B4C4-4728-91CC-A9EF3669F02E}.Release|x86.Build.0 = Release|Any CPU
		{2AE9F634-7471-40F8-8454-07AD270789BB}.Debug|Any CPU.ActiveCfg = Debug|Any CPU
		{2AE9F634-7471-40F8-8454-07AD270789BB}.Debug|Any CPU.Build.0 = Debug|Any CPU
		{2AE9F634-7471-40F8-8454-07AD270789BB}.Debug|x64.ActiveCfg = Debug|Any CPU
		{2AE9F634-7471-40F8-8454-07AD270789BB}.Debug|x64.Build.0 = Debug|Any CPU
		{2AE9F634-7471-40F8-8454-07AD270789BB}.Debug|x86.ActiveCfg = Debug|Any CPU
		{2AE9F634-7471-40F8-8454-07AD270789BB}.Debug|x86.Build.0 = Debug|Any CPU
		{2AE9F634-7471-40F8-8454-07AD270789BB}.Release|Any CPU.ActiveCfg = Release|Any CPU
		{2AE9F634-7471-40F8-8454-07AD270789BB}.Release|Any CPU.Build.0 = Release|Any CPU
		{2AE9F634-7471-40F8-8454-07AD270789BB}.Release|x64.ActiveCfg = Release|Any CPU
		{2AE9F634-7471-40F8-8454-07AD270789BB}.Release|x64.Build.0 = Release|Any CPU
		{2AE9F634-7471-40F8-8454-07AD270789BB}.Release|x86.ActiveCfg = Release|Any CPU
		{2AE9F634-7471-40F8-8454-07AD270789BB}.Release|x86.Build.0 = Release|Any CPU
	EndGlobalSection
EndGlobal
